// !$*UTF8*$!
{
	archiveVersion = 1;
	classes = {
	};
	objectVersion = 50;
	objects = {

/* Begin PBXBuildFile section */
		A937A2FF25E528AE00B1731A /* CurrenciesListViewController.swift in Sources */ = {isa = PBXBuildFile; fileRef = A937A2FE25E528AE00B1731A /* CurrenciesListViewController.swift */; };
		A97B0C8825DEB44100CC715A /* Colors.swift in Sources */ = {isa = PBXBuildFile; fileRef = A97B0C8725DEB44100CC715A /* Colors.swift */; };
		A97B0C8E25DEB79300CC715A /* UIView+Ext.swift in Sources */ = {isa = PBXBuildFile; fileRef = A97B0C8D25DEB79300CC715A /* UIView+Ext.swift */; };
		A97B0C9425DEB87200CC715A /* AccessoryButton.swift in Sources */ = {isa = PBXBuildFile; fileRef = A97B0C9325DEB87200CC715A /* AccessoryButton.swift */; };
		A97D79F125E507C0004E7ABD /* Converter.swift in Sources */ = {isa = PBXBuildFile; fileRef = A97D79F025E507C0004E7ABD /* Converter.swift */; };
		A97D79F625E507E0004E7ABD /* ConverterTest.swift in Sources */ = {isa = PBXBuildFile; fileRef = A97D79F525E507E0004E7ABD /* ConverterTest.swift */; };
		A97D7A0125E50C87004E7ABD /* ConverterViewControllerInputUITests.swift in Sources */ = {isa = PBXBuildFile; fileRef = A97D7A0025E50C87004E7ABD /* ConverterViewControllerInputUITests.swift */; };
		A97FADFC25DD606F00319D84 /* KeyboardButton.swift in Sources */ = {isa = PBXBuildFile; fileRef = A97FADFB25DD606F00319D84 /* KeyboardButton.swift */; };
		A97FAE0125DD6B3900319D84 /* KeyboardRow.swift in Sources */ = {isa = PBXBuildFile; fileRef = A97FAE0025DD6B3900319D84 /* KeyboardRow.swift */; };
		A985C8FC25E01D350047A5F0 /* CurrencyButton.swift in Sources */ = {isa = PBXBuildFile; fileRef = A985C8FB25E01D350047A5F0 /* CurrencyButton.swift */; };
		A985C90125E01DB80047A5F0 /* Currency.swift in Sources */ = {isa = PBXBuildFile; fileRef = A985C90025E01DB80047A5F0 /* Currency.swift */; };
		A98A0F9025E80AF7005F5ED1 /* NetworkManager.swift in Sources */ = {isa = PBXBuildFile; fileRef = A98A0F8F25E80AF7005F5ED1 /* NetworkManager.swift */; };
		A98A0F9525E80CCC005F5ED1 /* CurrencyExchange.swift in Sources */ = {isa = PBXBuildFile; fileRef = A98A0F9425E80CCC005F5ED1 /* CurrencyExchange.swift */; };
		A98DA18F25DC0AE20081D4BB /* AppDelegate.swift in Sources */ = {isa = PBXBuildFile; fileRef = A98DA18E25DC0AE20081D4BB /* AppDelegate.swift */; };
		A98DA19125DC0AE20081D4BB /* SceneDelegate.swift in Sources */ = {isa = PBXBuildFile; fileRef = A98DA19025DC0AE20081D4BB /* SceneDelegate.swift */; };
		A98DA19325DC0AE20081D4BB /* ConverterViewController.swift in Sources */ = {isa = PBXBuildFile; fileRef = A98DA19225DC0AE20081D4BB /* ConverterViewController.swift */; };
		A98DA19825DC0AE20081D4BB /* Assets.xcassets in Resources */ = {isa = PBXBuildFile; fileRef = A98DA19725DC0AE20081D4BB /* Assets.xcassets */; };
		A98DA19B25DC0AE20081D4BB /* LaunchScreen.storyboard in Resources */ = {isa = PBXBuildFile; fileRef = A98DA19925DC0AE20081D4BB /* LaunchScreen.storyboard */; };
		A98DA1B125DC0AE30081D4BB /* CurrencyConverterUITests.swift in Sources */ = {isa = PBXBuildFile; fileRef = A98DA1B025DC0AE30081D4BB /* CurrencyConverterUITests.swift */; };
		A98DA1DB25DC31560081D4BB /* Keyboard.swift in Sources */ = {isa = PBXBuildFile; fileRef = A98DA1DA25DC31560081D4BB /* Keyboard.swift */; };
		A98DA1E025DC32CF0081D4BB /* AccessoryPanel.swift in Sources */ = {isa = PBXBuildFile; fileRef = A98DA1DF25DC32CF0081D4BB /* AccessoryPanel.swift */; };
		A98E829925E56DF8005A80B3 /* SfConfiguration.swift in Sources */ = {isa = PBXBuildFile; fileRef = A98E829825E56DF8005A80B3 /* SfConfiguration.swift */; };
		A98E82A225E57360005A80B3 /* CurrencyCell.swift in Sources */ = {isa = PBXBuildFile; fileRef = A98E82A125E57360005A80B3 /* CurrencyCell.swift */; };
		A98E82B325E584CC005A80B3 /* Double+Ext.swift in Sources */ = {isa = PBXBuildFile; fileRef = A98E82B225E584CC005A80B3 /* Double+Ext.swift */; };
		A992615125E3FAFD00E36255 /* InputHandler.swift in Sources */ = {isa = PBXBuildFile; fileRef = A992615025E3FAFD00E36255 /* InputHandler.swift */; };
		A992615925E4029700E36255 /* InputHandlerTest.swift in Sources */ = {isa = PBXBuildFile; fileRef = A992615825E4029700E36255 /* InputHandlerTest.swift */; };
		A9A564CB25E826C4005385FA /* String+Ext.swift in Sources */ = {isa = PBXBuildFile; fileRef = A9A564CA25E826C4005385FA /* String+Ext.swift */; };
/* End PBXBuildFile section */

/* Begin PBXContainerItemProxy section */
		A98DA1A225DC0AE30081D4BB /* PBXContainerItemProxy */ = {
			isa = PBXContainerItemProxy;
			containerPortal = A98DA18325DC0AE20081D4BB /* Project object */;
			proxyType = 1;
			remoteGlobalIDString = A98DA18A25DC0AE20081D4BB;
			remoteInfo = CurrencyConverter;
		};
		A98DA1AD25DC0AE30081D4BB /* PBXContainerItemProxy */ = {
			isa = PBXContainerItemProxy;
			containerPortal = A98DA18325DC0AE20081D4BB /* Project object */;
			proxyType = 1;
			remoteGlobalIDString = A98DA18A25DC0AE20081D4BB;
			remoteInfo = CurrencyConverter;
		};
/* End PBXContainerItemProxy section */

/* Begin PBXFileReference section */
		A937A2FE25E528AE00B1731A /* CurrenciesListViewController.swift */ = {isa = PBXFileReference; lastKnownFileType = sourcecode.swift; path = CurrenciesListViewController.swift; sourceTree = "<group>"; };
		A97B0C8725DEB44100CC715A /* Colors.swift */ = {isa = PBXFileReference; lastKnownFileType = sourcecode.swift; path = Colors.swift; sourceTree = "<group>"; };
		A97B0C8D25DEB79300CC715A /* UIView+Ext.swift */ = {isa = PBXFileReference; lastKnownFileType = sourcecode.swift; path = "UIView+Ext.swift"; sourceTree = "<group>"; };
		A97B0C9325DEB87200CC715A /* AccessoryButton.swift */ = {isa = PBXFileReference; lastKnownFileType = sourcecode.swift; path = AccessoryButton.swift; sourceTree = "<group>"; };
		A97D79F025E507C0004E7ABD /* Converter.swift */ = {isa = PBXFileReference; lastKnownFileType = sourcecode.swift; path = Converter.swift; sourceTree = "<group>"; };
		A97D79F525E507E0004E7ABD /* ConverterTest.swift */ = {isa = PBXFileReference; lastKnownFileType = sourcecode.swift; path = ConverterTest.swift; sourceTree = "<group>"; };
		A97D7A0025E50C87004E7ABD /* ConverterViewControllerInputUITests.swift */ = {isa = PBXFileReference; lastKnownFileType = sourcecode.swift; path = ConverterViewControllerInputUITests.swift; sourceTree = "<group>"; };
		A97FADFB25DD606F00319D84 /* KeyboardButton.swift */ = {isa = PBXFileReference; lastKnownFileType = sourcecode.swift; path = KeyboardButton.swift; sourceTree = "<group>"; };
		A97FAE0025DD6B3900319D84 /* KeyboardRow.swift */ = {isa = PBXFileReference; lastKnownFileType = sourcecode.swift; path = KeyboardRow.swift; sourceTree = "<group>"; };
		A985C8FB25E01D350047A5F0 /* CurrencyButton.swift */ = {isa = PBXFileReference; lastKnownFileType = sourcecode.swift; path = CurrencyButton.swift; sourceTree = "<group>"; };
		A985C90025E01DB80047A5F0 /* Currency.swift */ = {isa = PBXFileReference; lastKnownFileType = sourcecode.swift; path = Currency.swift; sourceTree = "<group>"; };
		A98A0F8F25E80AF7005F5ED1 /* NetworkManager.swift */ = {isa = PBXFileReference; lastKnownFileType = sourcecode.swift; path = NetworkManager.swift; sourceTree = "<group>"; };
		A98A0F9425E80CCC005F5ED1 /* CurrencyExchange.swift */ = {isa = PBXFileReference; lastKnownFileType = sourcecode.swift; path = CurrencyExchange.swift; sourceTree = "<group>"; };
		A98DA18B25DC0AE20081D4BB /* CurrencyConverter.app */ = {isa = PBXFileReference; explicitFileType = wrapper.application; includeInIndex = 0; path = CurrencyConverter.app; sourceTree = BUILT_PRODUCTS_DIR; };
		A98DA18E25DC0AE20081D4BB /* AppDelegate.swift */ = {isa = PBXFileReference; lastKnownFileType = sourcecode.swift; path = AppDelegate.swift; sourceTree = "<group>"; };
		A98DA19025DC0AE20081D4BB /* SceneDelegate.swift */ = {isa = PBXFileReference; lastKnownFileType = sourcecode.swift; path = SceneDelegate.swift; sourceTree = "<group>"; };
		A98DA19225DC0AE20081D4BB /* ConverterViewController.swift */ = {isa = PBXFileReference; lastKnownFileType = sourcecode.swift; path = ConverterViewController.swift; sourceTree = "<group>"; };
		A98DA19725DC0AE20081D4BB /* Assets.xcassets */ = {isa = PBXFileReference; lastKnownFileType = folder.assetcatalog; path = Assets.xcassets; sourceTree = "<group>"; };
		A98DA19A25DC0AE20081D4BB /* Base */ = {isa = PBXFileReference; lastKnownFileType = file.storyboard; name = Base; path = Base.lproj/LaunchScreen.storyboard; sourceTree = "<group>"; };
		A98DA19C25DC0AE20081D4BB /* Info.plist */ = {isa = PBXFileReference; lastKnownFileType = text.plist.xml; path = Info.plist; sourceTree = "<group>"; };
		A98DA1A125DC0AE30081D4BB /* CurrencyConverterTests.xctest */ = {isa = PBXFileReference; explicitFileType = wrapper.cfbundle; includeInIndex = 0; path = CurrencyConverterTests.xctest; sourceTree = BUILT_PRODUCTS_DIR; };
		A98DA1A725DC0AE30081D4BB /* Info.plist */ = {isa = PBXFileReference; lastKnownFileType = text.plist.xml; path = Info.plist; sourceTree = "<group>"; };
		A98DA1AC25DC0AE30081D4BB /* CurrencyConverterUITests.xctest */ = {isa = PBXFileReference; explicitFileType = wrapper.cfbundle; includeInIndex = 0; path = CurrencyConverterUITests.xctest; sourceTree = BUILT_PRODUCTS_DIR; };
		A98DA1B025DC0AE30081D4BB /* CurrencyConverterUITests.swift */ = {isa = PBXFileReference; lastKnownFileType = sourcecode.swift; path = CurrencyConverterUITests.swift; sourceTree = "<group>"; };
		A98DA1B225DC0AE30081D4BB /* Info.plist */ = {isa = PBXFileReference; lastKnownFileType = text.plist.xml; path = Info.plist; sourceTree = "<group>"; };
		A98DA1DA25DC31560081D4BB /* Keyboard.swift */ = {isa = PBXFileReference; lastKnownFileType = sourcecode.swift; path = Keyboard.swift; sourceTree = "<group>"; };
		A98DA1DF25DC32CF0081D4BB /* AccessoryPanel.swift */ = {isa = PBXFileReference; lastKnownFileType = sourcecode.swift; path = AccessoryPanel.swift; sourceTree = "<group>"; };
		A98E829825E56DF8005A80B3 /* SfConfiguration.swift */ = {isa = PBXFileReference; lastKnownFileType = sourcecode.swift; path = SfConfiguration.swift; sourceTree = "<group>"; };
		A98E82A125E57360005A80B3 /* CurrencyCell.swift */ = {isa = PBXFileReference; lastKnownFileType = sourcecode.swift; path = CurrencyCell.swift; sourceTree = "<group>"; };
		A98E82B225E584CC005A80B3 /* Double+Ext.swift */ = {isa = PBXFileReference; lastKnownFileType = sourcecode.swift; path = "Double+Ext.swift"; sourceTree = "<group>"; };
		A992615025E3FAFD00E36255 /* InputHandler.swift */ = {isa = PBXFileReference; lastKnownFileType = sourcecode.swift; path = InputHandler.swift; sourceTree = "<group>"; };
		A992615825E4029700E36255 /* InputHandlerTest.swift */ = {isa = PBXFileReference; lastKnownFileType = sourcecode.swift; path = InputHandlerTest.swift; sourceTree = "<group>"; };
		A9A564CA25E826C4005385FA /* String+Ext.swift */ = {isa = PBXFileReference; lastKnownFileType = sourcecode.swift; path = "String+Ext.swift"; sourceTree = "<group>"; };
/* End PBXFileReference section */

/* Begin PBXFrameworksBuildPhase section */
		A98DA18825DC0AE20081D4BB /* Frameworks */ = {
			isa = PBXFrameworksBuildPhase;
			buildActionMask = 2147483647;
			files = (
			);
			runOnlyForDeploymentPostprocessing = 0;
		};
		A98DA19E25DC0AE30081D4BB /* Frameworks */ = {
			isa = PBXFrameworksBuildPhase;
			buildActionMask = 2147483647;
			files = (
			);
			runOnlyForDeploymentPostprocessing = 0;
		};
		A98DA1A925DC0AE30081D4BB /* Frameworks */ = {
			isa = PBXFrameworksBuildPhase;
			buildActionMask = 2147483647;
			files = (
			);
			runOnlyForDeploymentPostprocessing = 0;
		};
/* End PBXFrameworksBuildPhase section */

/* Begin PBXGroup section */
		A97B0C8625DEB42D00CC715A /* Constants */ = {
			isa = PBXGroup;
			children = (
				A97B0C8725DEB44100CC715A /* Colors.swift */,
				A98E829825E56DF8005A80B3 /* SfConfiguration.swift */,
			);
			path = Constants;
			sourceTree = "<group>";
		};
		A97B0C8C25DEB78C00CC715A /* Extensions */ = {
			isa = PBXGroup;
			children = (
				A97B0C8D25DEB79300CC715A /* UIView+Ext.swift */,
				A9A564CA25E826C4005385FA /* String+Ext.swift */,
				A98E82B225E584CC005A80B3 /* Double+Ext.swift */,
			);
			path = Extensions;
			sourceTree = "<group>";
		};
		A97B0C9225DEB85800CC715A /* AccessoryPanel */ = {
			isa = PBXGroup;
			children = (
				A98DA1DF25DC32CF0081D4BB /* AccessoryPanel.swift */,
				A97B0C9325DEB87200CC715A /* AccessoryButton.swift */,
			);
			path = AccessoryPanel;
			sourceTree = "<group>";
		};
		A97FADFA25DD605900319D84 /* Keyboard */ = {
			isa = PBXGroup;
			children = (
				A98DA1DA25DC31560081D4BB /* Keyboard.swift */,
				A97FAE0025DD6B3900319D84 /* KeyboardRow.swift */,
				A97FADFB25DD606F00319D84 /* KeyboardButton.swift */,
			);
			path = Keyboard;
			sourceTree = "<group>";
		};
		A98DA18225DC0AE20081D4BB = {
			isa = PBXGroup;
			children = (
				A98DA18D25DC0AE20081D4BB /* CurrencyConverter */,
				A98DA1A425DC0AE30081D4BB /* CurrencyConverterTests */,
				A98DA1AF25DC0AE30081D4BB /* CurrencyConverterUITests */,
				A98DA18C25DC0AE20081D4BB /* Products */,
			);
			sourceTree = "<group>";
		};
		A98DA18C25DC0AE20081D4BB /* Products */ = {
			isa = PBXGroup;
			children = (
				A98DA18B25DC0AE20081D4BB /* CurrencyConverter.app */,
				A98DA1A125DC0AE30081D4BB /* CurrencyConverterTests.xctest */,
				A98DA1AC25DC0AE30081D4BB /* CurrencyConverterUITests.xctest */,
			);
			name = Products;
			sourceTree = "<group>";
		};
		A98DA18D25DC0AE20081D4BB /* CurrencyConverter */ = {
			isa = PBXGroup;
			children = (
				A98DA1C725DC0F700081D4BB /* Supporting files */,
				A98DA1D625DC1BA90081D4BB /* Models */,
				A98DA1D425DC1B790081D4BB /* Views */,
				A98DA1D525DC1B980081D4BB /* Controllers */,
				A992614F25E3FAE600E36255 /* Services */,
				A97B0C8625DEB42D00CC715A /* Constants */,
				A97B0C8C25DEB78C00CC715A /* Extensions */,
			);
			path = CurrencyConverter;
			sourceTree = "<group>";
		};
		A98DA1A425DC0AE30081D4BB /* CurrencyConverterTests */ = {
			isa = PBXGroup;
			children = (
				A97D79F525E507E0004E7ABD /* ConverterTest.swift */,
				A992615825E4029700E36255 /* InputHandlerTest.swift */,
				A98DA1A725DC0AE30081D4BB /* Info.plist */,
			);
			path = CurrencyConverterTests;
			sourceTree = "<group>";
		};
		A98DA1AF25DC0AE30081D4BB /* CurrencyConverterUITests */ = {
			isa = PBXGroup;
			children = (
				A97D7A0025E50C87004E7ABD /* ConverterViewControllerInputUITests.swift */,
				A98DA1B025DC0AE30081D4BB /* CurrencyConverterUITests.swift */,
				A98DA1B225DC0AE30081D4BB /* Info.plist */,
			);
			path = CurrencyConverterUITests;
			sourceTree = "<group>";
		};
		A98DA1C725DC0F700081D4BB /* Supporting files */ = {
			isa = PBXGroup;
			children = (
				A98DA19025DC0AE20081D4BB /* SceneDelegate.swift */,
				A98DA18E25DC0AE20081D4BB /* AppDelegate.swift */,
				A98DA19725DC0AE20081D4BB /* Assets.xcassets */,
				A98DA19C25DC0AE20081D4BB /* Info.plist */,
			);
			path = "Supporting files";
			sourceTree = "<group>";
		};
		A98DA1D425DC1B790081D4BB /* Views */ = {
			isa = PBXGroup;
			children = (
				A98DA19925DC0AE20081D4BB /* LaunchScreen.storyboard */,
				A97FADFA25DD605900319D84 /* Keyboard */,
				A97B0C9225DEB85800CC715A /* AccessoryPanel */,
				A985C8FB25E01D350047A5F0 /* CurrencyButton.swift */,
			);
			path = Views;
			sourceTree = "<group>";
		};
		A98DA1D525DC1B980081D4BB /* Controllers */ = {
			isa = PBXGroup;
			children = (
				A98DA19225DC0AE20081D4BB /* ConverterViewController.swift */,
				A98E82A025E57341005A80B3 /* CurrenciesList */,
			);
			path = Controllers;
			sourceTree = "<group>";
		};
		A98DA1D625DC1BA90081D4BB /* Models */ = {
			isa = PBXGroup;
			children = (
				A985C90025E01DB80047A5F0 /* Currency.swift */,
				A98A0F9425E80CCC005F5ED1 /* CurrencyExchange.swift */,
			);
			path = Models;
			sourceTree = "<group>";
		};
		A98E82A025E57341005A80B3 /* CurrenciesList */ = {
			isa = PBXGroup;
			children = (
				A937A2FE25E528AE00B1731A /* CurrenciesListViewController.swift */,
				A98E82A125E57360005A80B3 /* CurrencyCell.swift */,
			);
			path = CurrenciesList;
			sourceTree = "<group>";
		};
		A992614F25E3FAE600E36255 /* Services */ = {
			isa = PBXGroup;
			children = (
				A992615025E3FAFD00E36255 /* InputHandler.swift */,
				A98A0F8F25E80AF7005F5ED1 /* NetworkManager.swift */,
				A97D79F025E507C0004E7ABD /* Converter.swift */,
			);
			path = Services;
			sourceTree = "<group>";
		};
/* End PBXGroup section */

/* Begin PBXNativeTarget section */
		A98DA18A25DC0AE20081D4BB /* CurrencyConverter */ = {
			isa = PBXNativeTarget;
			buildConfigurationList = A98DA1B525DC0AE30081D4BB /* Build configuration list for PBXNativeTarget "CurrencyConverter" */;
			buildPhases = (
				A98DA18725DC0AE20081D4BB /* Sources */,
				A98DA18825DC0AE20081D4BB /* Frameworks */,
				A98DA18925DC0AE20081D4BB /* Resources */,
			);
			buildRules = (
			);
			dependencies = (
			);
			name = CurrencyConverter;
			productName = CurrencyConverter;
			productReference = A98DA18B25DC0AE20081D4BB /* CurrencyConverter.app */;
			productType = "com.apple.product-type.application";
		};
		A98DA1A025DC0AE30081D4BB /* CurrencyConverterTests */ = {
			isa = PBXNativeTarget;
			buildConfigurationList = A98DA1B825DC0AE30081D4BB /* Build configuration list for PBXNativeTarget "CurrencyConverterTests" */;
			buildPhases = (
				A98DA19D25DC0AE30081D4BB /* Sources */,
				A98DA19E25DC0AE30081D4BB /* Frameworks */,
				A98DA19F25DC0AE30081D4BB /* Resources */,
			);
			buildRules = (
			);
			dependencies = (
				A98DA1A325DC0AE30081D4BB /* PBXTargetDependency */,
			);
			name = CurrencyConverterTests;
			productName = CurrencyConverterTests;
			productReference = A98DA1A125DC0AE30081D4BB /* CurrencyConverterTests.xctest */;
			productType = "com.apple.product-type.bundle.unit-test";
		};
		A98DA1AB25DC0AE30081D4BB /* CurrencyConverterUITests */ = {
			isa = PBXNativeTarget;
			buildConfigurationList = A98DA1BB25DC0AE30081D4BB /* Build configuration list for PBXNativeTarget "CurrencyConverterUITests" */;
			buildPhases = (
				A98DA1A825DC0AE30081D4BB /* Sources */,
				A98DA1A925DC0AE30081D4BB /* Frameworks */,
				A98DA1AA25DC0AE30081D4BB /* Resources */,
			);
			buildRules = (
			);
			dependencies = (
				A98DA1AE25DC0AE30081D4BB /* PBXTargetDependency */,
			);
			name = CurrencyConverterUITests;
			productName = CurrencyConverterUITests;
			productReference = A98DA1AC25DC0AE30081D4BB /* CurrencyConverterUITests.xctest */;
			productType = "com.apple.product-type.bundle.ui-testing";
		};
/* End PBXNativeTarget section */

/* Begin PBXProject section */
		A98DA18325DC0AE20081D4BB /* Project object */ = {
			isa = PBXProject;
			attributes = {
				LastSwiftUpdateCheck = 1240;
				LastUpgradeCheck = 1240;
				TargetAttributes = {
					A98DA18A25DC0AE20081D4BB = {
						CreatedOnToolsVersion = 12.4;
					};
					A98DA1A025DC0AE30081D4BB = {
						CreatedOnToolsVersion = 12.4;
						TestTargetID = A98DA18A25DC0AE20081D4BB;
					};
					A98DA1AB25DC0AE30081D4BB = {
						CreatedOnToolsVersion = 12.4;
						TestTargetID = A98DA18A25DC0AE20081D4BB;
					};
				};
			};
			buildConfigurationList = A98DA18625DC0AE20081D4BB /* Build configuration list for PBXProject "CurrencyConverter" */;
			compatibilityVersion = "Xcode 9.3";
			developmentRegion = en;
			hasScannedForEncodings = 0;
			knownRegions = (
				en,
				Base,
			);
			mainGroup = A98DA18225DC0AE20081D4BB;
			productRefGroup = A98DA18C25DC0AE20081D4BB /* Products */;
			projectDirPath = "";
			projectRoot = "";
			targets = (
				A98DA18A25DC0AE20081D4BB /* CurrencyConverter */,
				A98DA1A025DC0AE30081D4BB /* CurrencyConverterTests */,
				A98DA1AB25DC0AE30081D4BB /* CurrencyConverterUITests */,
			);
		};
/* End PBXProject section */

/* Begin PBXResourcesBuildPhase section */
		A98DA18925DC0AE20081D4BB /* Resources */ = {
			isa = PBXResourcesBuildPhase;
			buildActionMask = 2147483647;
			files = (
				A98DA19B25DC0AE20081D4BB /* LaunchScreen.storyboard in Resources */,
				A98DA19825DC0AE20081D4BB /* Assets.xcassets in Resources */,
			);
			runOnlyForDeploymentPostprocessing = 0;
		};
		A98DA19F25DC0AE30081D4BB /* Resources */ = {
			isa = PBXResourcesBuildPhase;
			buildActionMask = 2147483647;
			files = (
			);
			runOnlyForDeploymentPostprocessing = 0;
		};
		A98DA1AA25DC0AE30081D4BB /* Resources */ = {
			isa = PBXResourcesBuildPhase;
			buildActionMask = 2147483647;
			files = (
			);
			runOnlyForDeploymentPostprocessing = 0;
		};
/* End PBXResourcesBuildPhase section */

/* Begin PBXSourcesBuildPhase section */
		A98DA18725DC0AE20081D4BB /* Sources */ = {
			isa = PBXSourcesBuildPhase;
			buildActionMask = 2147483647;
			files = (
				A98A0F9025E80AF7005F5ED1 /* NetworkManager.swift in Sources */,
				A985C90125E01DB80047A5F0 /* Currency.swift in Sources */,
				A98E82A225E57360005A80B3 /* CurrencyCell.swift in Sources */,
				A97B0C9425DEB87200CC715A /* AccessoryButton.swift in Sources */,
				A97FADFC25DD606F00319D84 /* KeyboardButton.swift in Sources */,
				A97B0C8825DEB44100CC715A /* Colors.swift in Sources */,
				A97FAE0125DD6B3900319D84 /* KeyboardRow.swift in Sources */,
				A97D79F125E507C0004E7ABD /* Converter.swift in Sources */,
				A98DA19325DC0AE20081D4BB /* ConverterViewController.swift in Sources */,
				A98E82B325E584CC005A80B3 /* Double+Ext.swift in Sources */,
				A98E829925E56DF8005A80B3 /* SfConfiguration.swift in Sources */,
				A98A0F9525E80CCC005F5ED1 /* CurrencyExchange.swift in Sources */,
				A985C8FC25E01D350047A5F0 /* CurrencyButton.swift in Sources */,
				A98DA18F25DC0AE20081D4BB /* AppDelegate.swift in Sources */,
				A97B0C8E25DEB79300CC715A /* UIView+Ext.swift in Sources */,
				A9A564CB25E826C4005385FA /* String+Ext.swift in Sources */,
				A937A2FF25E528AE00B1731A /* CurrenciesListViewController.swift in Sources */,
				A98DA1DB25DC31560081D4BB /* Keyboard.swift in Sources */,
				A98DA1E025DC32CF0081D4BB /* AccessoryPanel.swift in Sources */,
				A98DA19125DC0AE20081D4BB /* SceneDelegate.swift in Sources */,
				A992615125E3FAFD00E36255 /* InputHandler.swift in Sources */,
			);
			runOnlyForDeploymentPostprocessing = 0;
		};
		A98DA19D25DC0AE30081D4BB /* Sources */ = {
			isa = PBXSourcesBuildPhase;
			buildActionMask = 2147483647;
			files = (
				A992615925E4029700E36255 /* InputHandlerTest.swift in Sources */,
				A97D79F625E507E0004E7ABD /* ConverterTest.swift in Sources */,
			);
			runOnlyForDeploymentPostprocessing = 0;
		};
		A98DA1A825DC0AE30081D4BB /* Sources */ = {
			isa = PBXSourcesBuildPhase;
			buildActionMask = 2147483647;
			files = (
				A97D7A0125E50C87004E7ABD /* ConverterViewControllerInputUITests.swift in Sources */,
				A98DA1B125DC0AE30081D4BB /* CurrencyConverterUITests.swift in Sources */,
			);
			runOnlyForDeploymentPostprocessing = 0;
		};
/* End PBXSourcesBuildPhase section */

/* Begin PBXTargetDependency section */
		A98DA1A325DC0AE30081D4BB /* PBXTargetDependency */ = {
			isa = PBXTargetDependency;
			target = A98DA18A25DC0AE20081D4BB /* CurrencyConverter */;
			targetProxy = A98DA1A225DC0AE30081D4BB /* PBXContainerItemProxy */;
		};
		A98DA1AE25DC0AE30081D4BB /* PBXTargetDependency */ = {
			isa = PBXTargetDependency;
			target = A98DA18A25DC0AE20081D4BB /* CurrencyConverter */;
			targetProxy = A98DA1AD25DC0AE30081D4BB /* PBXContainerItemProxy */;
		};
/* End PBXTargetDependency section */

/* Begin PBXVariantGroup section */
		A98DA19925DC0AE20081D4BB /* LaunchScreen.storyboard */ = {
			isa = PBXVariantGroup;
			children = (
				A98DA19A25DC0AE20081D4BB /* Base */,
			);
			name = LaunchScreen.storyboard;
			sourceTree = "<group>";
		};
/* End PBXVariantGroup section */

/* Begin XCBuildConfiguration section */
		A98DA1B325DC0AE30081D4BB /* Debug */ = {
			isa = XCBuildConfiguration;
			buildSettings = {
				ALWAYS_SEARCH_USER_PATHS = NO;
				CLANG_ANALYZER_NONNULL = YES;
				CLANG_ANALYZER_NUMBER_OBJECT_CONVERSION = YES_AGGRESSIVE;
				CLANG_CXX_LANGUAGE_STANDARD = "gnu++14";
				CLANG_CXX_LIBRARY = "libc++";
				CLANG_ENABLE_MODULES = YES;
				CLANG_ENABLE_OBJC_ARC = YES;
				CLANG_ENABLE_OBJC_WEAK = YES;
				CLANG_WARN_BLOCK_CAPTURE_AUTORELEASING = YES;
				CLANG_WARN_BOOL_CONVERSION = YES;
				CLANG_WARN_COMMA = YES;
				CLANG_WARN_CONSTANT_CONVERSION = YES;
				CLANG_WARN_DEPRECATED_OBJC_IMPLEMENTATIONS = YES;
				CLANG_WARN_DIRECT_OBJC_ISA_USAGE = YES_ERROR;
				CLANG_WARN_DOCUMENTATION_COMMENTS = YES;
				CLANG_WARN_EMPTY_BODY = YES;
				CLANG_WARN_ENUM_CONVERSION = YES;
				CLANG_WARN_INFINITE_RECURSION = YES;
				CLANG_WARN_INT_CONVERSION = YES;
				CLANG_WARN_NON_LITERAL_NULL_CONVERSION = YES;
				CLANG_WARN_OBJC_IMPLICIT_RETAIN_SELF = YES;
				CLANG_WARN_OBJC_LITERAL_CONVERSION = YES;
				CLANG_WARN_OBJC_ROOT_CLASS = YES_ERROR;
				CLANG_WARN_QUOTED_INCLUDE_IN_FRAMEWORK_HEADER = YES;
				CLANG_WARN_RANGE_LOOP_ANALYSIS = YES;
				CLANG_WARN_STRICT_PROTOTYPES = YES;
				CLANG_WARN_SUSPICIOUS_MOVE = YES;
				CLANG_WARN_UNGUARDED_AVAILABILITY = YES_AGGRESSIVE;
				CLANG_WARN_UNREACHABLE_CODE = YES;
				CLANG_WARN__DUPLICATE_METHOD_MATCH = YES;
				COPY_PHASE_STRIP = NO;
				DEBUG_INFORMATION_FORMAT = dwarf;
				ENABLE_STRICT_OBJC_MSGSEND = YES;
				ENABLE_TESTABILITY = YES;
				GCC_C_LANGUAGE_STANDARD = gnu11;
				GCC_DYNAMIC_NO_PIC = NO;
				GCC_NO_COMMON_BLOCKS = YES;
				GCC_OPTIMIZATION_LEVEL = 0;
				GCC_PREPROCESSOR_DEFINITIONS = (
					"DEBUG=1",
					"$(inherited)",
				);
				GCC_WARN_64_TO_32_BIT_CONVERSION = YES;
				GCC_WARN_ABOUT_RETURN_TYPE = YES_ERROR;
				GCC_WARN_UNDECLARED_SELECTOR = YES;
				GCC_WARN_UNINITIALIZED_AUTOS = YES_AGGRESSIVE;
				GCC_WARN_UNUSED_FUNCTION = YES;
				GCC_WARN_UNUSED_VARIABLE = YES;
				IPHONEOS_DEPLOYMENT_TARGET = 14.4;
				MTL_ENABLE_DEBUG_INFO = INCLUDE_SOURCE;
				MTL_FAST_MATH = YES;
				ONLY_ACTIVE_ARCH = YES;
				SDKROOT = iphoneos;
				SWIFT_ACTIVE_COMPILATION_CONDITIONS = DEBUG;
				SWIFT_OPTIMIZATION_LEVEL = "-Onone";
			};
			name = Debug;
		};
		A98DA1B425DC0AE30081D4BB /* Release */ = {
			isa = XCBuildConfiguration;
			buildSettings = {
				ALWAYS_SEARCH_USER_PATHS = NO;
				CLANG_ANALYZER_NONNULL = YES;
				CLANG_ANALYZER_NUMBER_OBJECT_CONVERSION = YES_AGGRESSIVE;
				CLANG_CXX_LANGUAGE_STANDARD = "gnu++14";
				CLANG_CXX_LIBRARY = "libc++";
				CLANG_ENABLE_MODULES = YES;
				CLANG_ENABLE_OBJC_ARC = YES;
				CLANG_ENABLE_OBJC_WEAK = YES;
				CLANG_WARN_BLOCK_CAPTURE_AUTORELEASING = YES;
				CLANG_WARN_BOOL_CONVERSION = YES;
				CLANG_WARN_COMMA = YES;
				CLANG_WARN_CONSTANT_CONVERSION = YES;
				CLANG_WARN_DEPRECATED_OBJC_IMPLEMENTATIONS = YES;
				CLANG_WARN_DIRECT_OBJC_ISA_USAGE = YES_ERROR;
				CLANG_WARN_DOCUMENTATION_COMMENTS = YES;
				CLANG_WARN_EMPTY_BODY = YES;
				CLANG_WARN_ENUM_CONVERSION = YES;
				CLANG_WARN_INFINITE_RECURSION = YES;
				CLANG_WARN_INT_CONVERSION = YES;
				CLANG_WARN_NON_LITERAL_NULL_CONVERSION = YES;
				CLANG_WARN_OBJC_IMPLICIT_RETAIN_SELF = YES;
				CLANG_WARN_OBJC_LITERAL_CONVERSION = YES;
				CLANG_WARN_OBJC_ROOT_CLASS = YES_ERROR;
				CLANG_WARN_QUOTED_INCLUDE_IN_FRAMEWORK_HEADER = YES;
				CLANG_WARN_RANGE_LOOP_ANALYSIS = YES;
				CLANG_WARN_STRICT_PROTOTYPES = YES;
				CLANG_WARN_SUSPICIOUS_MOVE = YES;
				CLANG_WARN_UNGUARDED_AVAILABILITY = YES_AGGRESSIVE;
				CLANG_WARN_UNREACHABLE_CODE = YES;
				CLANG_WARN__DUPLICATE_METHOD_MATCH = YES;
				COPY_PHASE_STRIP = NO;
				DEBUG_INFORMATION_FORMAT = "dwarf-with-dsym";
				ENABLE_NS_ASSERTIONS = NO;
				ENABLE_STRICT_OBJC_MSGSEND = YES;
				GCC_C_LANGUAGE_STANDARD = gnu11;
				GCC_NO_COMMON_BLOCKS = YES;
				GCC_WARN_64_TO_32_BIT_CONVERSION = YES;
				GCC_WARN_ABOUT_RETURN_TYPE = YES_ERROR;
				GCC_WARN_UNDECLARED_SELECTOR = YES;
				GCC_WARN_UNINITIALIZED_AUTOS = YES_AGGRESSIVE;
				GCC_WARN_UNUSED_FUNCTION = YES;
				GCC_WARN_UNUSED_VARIABLE = YES;
				IPHONEOS_DEPLOYMENT_TARGET = 14.4;
				MTL_ENABLE_DEBUG_INFO = NO;
				MTL_FAST_MATH = YES;
				SDKROOT = iphoneos;
				SWIFT_COMPILATION_MODE = wholemodule;
				SWIFT_OPTIMIZATION_LEVEL = "-O";
				VALIDATE_PRODUCT = YES;
			};
			name = Release;
		};
		A98DA1B625DC0AE30081D4BB /* Debug */ = {
			isa = XCBuildConfiguration;
			buildSettings = {
				ASSETCATALOG_COMPILER_APPICON_NAME = AppIcon;
				ASSETCATALOG_COMPILER_GLOBAL_ACCENT_COLOR_NAME = AccentColor;
				CODE_SIGN_STYLE = Automatic;
				DEVELOPMENT_TEAM = 59M6A9TM7B;
				INFOPLIST_FILE = "CurrencyConverter/Supporting files/Info.plist";
				IPHONEOS_DEPLOYMENT_TARGET = 13.0;
				LD_RUNPATH_SEARCH_PATHS = (
					"$(inherited)",
					"@executable_path/Frameworks",
				);
				PRODUCT_BUNDLE_IDENTIFIER = ru.ermolenko.CurrencyConverter;
				PRODUCT_NAME = "$(TARGET_NAME)";
				SWIFT_VERSION = 5.0;
				TARGETED_DEVICE_FAMILY = "1,2";
			};
			name = Debug;
		};
		A98DA1B725DC0AE30081D4BB /* Release */ = {
			isa = XCBuildConfiguration;
			buildSettings = {
				ASSETCATALOG_COMPILER_APPICON_NAME = AppIcon;
				ASSETCATALOG_COMPILER_GLOBAL_ACCENT_COLOR_NAME = AccentColor;
				CODE_SIGN_STYLE = Automatic;
				DEVELOPMENT_TEAM = 59M6A9TM7B;
				INFOPLIST_FILE = "CurrencyConverter/Supporting files/Info.plist";
				IPHONEOS_DEPLOYMENT_TARGET = 13.0;
				LD_RUNPATH_SEARCH_PATHS = (
					"$(inherited)",
					"@executable_path/Frameworks",
				);
				PRODUCT_BUNDLE_IDENTIFIER = ru.ermolenko.CurrencyConverter;
				PRODUCT_NAME = "$(TARGET_NAME)";
				SWIFT_VERSION = 5.0;
				TARGETED_DEVICE_FAMILY = "1,2";
			};
			name = Release;
		};
		A98DA1B925DC0AE30081D4BB /* Debug */ = {
			isa = XCBuildConfiguration;
			buildSettings = {
				ALWAYS_EMBED_SWIFT_STANDARD_LIBRARIES = YES;
				BUNDLE_LOADER = "$(TEST_HOST)";
				CODE_SIGN_STYLE = Automatic;
				DEVELOPMENT_TEAM = 59M6A9TM7B;
				INFOPLIST_FILE = CurrencyConverterTests/Info.plist;
				IPHONEOS_DEPLOYMENT_TARGET = 14.4;
				LD_RUNPATH_SEARCH_PATHS = (
					"$(inherited)",
					"@executable_path/Frameworks",
					"@loader_path/Frameworks",
				);
				PRODUCT_BUNDLE_IDENTIFIER = ru.ermolenko.CurrencyConverterTests;
				PRODUCT_NAME = "$(TARGET_NAME)";
				SWIFT_VERSION = 5.0;
				TARGETED_DEVICE_FAMILY = "1,2";
				TEST_HOST = "$(BUILT_PRODUCTS_DIR)/CurrencyConverter.app/CurrencyConverter";
			};
			name = Debug;
		};
		A98DA1BA25DC0AE30081D4BB /* Release */ = {
			isa = XCBuildConfiguration;
			buildSettings = {
				ALWAYS_EMBED_SWIFT_STANDARD_LIBRARIES = YES;
				BUNDLE_LOADER = "$(TEST_HOST)";
				CODE_SIGN_STYLE = Automatic;
				DEVELOPMENT_TEAM = 59M6A9TM7B;
				INFOPLIST_FILE = CurrencyConverterTests/Info.plist;
				IPHONEOS_DEPLOYMENT_TARGET = 14.4;
				LD_RUNPATH_SEARCH_PATHS = (
					"$(inherited)",
					"@executable_path/Frameworks",
					"@loader_path/Frameworks",
				);
				PRODUCT_BUNDLE_IDENTIFIER = ru.ermolenko.CurrencyConverterTests;
				PRODUCT_NAME = "$(TARGET_NAME)";
				SWIFT_VERSION = 5.0;
				TARGETED_DEVICE_FAMILY = "1,2";
				TEST_HOST = "$(BUILT_PRODUCTS_DIR)/CurrencyConverter.app/CurrencyConverter";
			};
			name = Release;
		};
		A98DA1BC25DC0AE30081D4BB /* Debug */ = {
			isa = XCBuildConfiguration;
			buildSettings = {
				ALWAYS_EMBED_SWIFT_STANDARD_LIBRARIES = YES;
				CODE_SIGN_STYLE = Automatic;
				DEVELOPMENT_TEAM = 59M6A9TM7B;
				INFOPLIST_FILE = CurrencyConverterUITests/Info.plist;
				LD_RUNPATH_SEARCH_PATHS = (
					"$(inherited)",
					"@executable_path/Frameworks",
					"@loader_path/Frameworks",
				);
				PRODUCT_BUNDLE_IDENTIFIER = ru.ermolenko.CurrencyConverterUITests;
				PRODUCT_NAME = "$(TARGET_NAME)";
				SWIFT_VERSION = 5.0;
				TARGETED_DEVICE_FAMILY = "1,2";
				TEST_TARGET_NAME = CurrencyConverter;
			};
			name = Debug;
		};
		A98DA1BD25DC0AE30081D4BB /* Release */ = {
			isa = XCBuildConfiguration;
			buildSettings = {
				ALWAYS_EMBED_SWIFT_STANDARD_LIBRARIES = YES;
				CODE_SIGN_STYLE = Automatic;
				DEVELOPMENT_TEAM = 59M6A9TM7B;
				INFOPLIST_FILE = CurrencyConverterUITests/Info.plist;
				LD_RUNPATH_SEARCH_PATHS = (
					"$(inherited)",
					"@executable_path/Frameworks",
					"@loader_path/Frameworks",
				);
				PRODUCT_BUNDLE_IDENTIFIER = ru.ermolenko.CurrencyConverterUITests;
				PRODUCT_NAME = "$(TARGET_NAME)";
				SWIFT_VERSION = 5.0;
				TARGETED_DEVICE_FAMILY = "1,2";
				TEST_TARGET_NAME = CurrencyConverter;
			};
			name = Release;
		};
/* End XCBuildConfiguration section */

/* Begin XCConfigurationList section */
		A98DA18625DC0AE20081D4BB /* Build configuration list for PBXProject "CurrencyConverter" */ = {
			isa = XCConfigurationList;
			buildConfigurations = (
				A98DA1B325DC0AE30081D4BB /* Debug */,
				A98DA1B425DC0AE30081D4BB /* Release */,
			);
			defaultConfigurationIsVisible = 0;
			defaultConfigurationName = Release;
		};
		A98DA1B525DC0AE30081D4BB /* Build configuration list for PBXNativeTarget "CurrencyConverter" */ = {
			isa = XCConfigurationList;
			buildConfigurations = (
				A98DA1B625DC0AE30081D4BB /* Debug */,
				A98DA1B725DC0AE30081D4BB /* Release */,
			);
			defaultConfigurationIsVisible = 0;
			defaultConfigurationName = Release;
		};
		A98DA1B825DC0AE30081D4BB /* Build configuration list for PBXNativeTarget "CurrencyConverterTests" */ = {
			isa = XCConfigurationList;
			buildConfigurations = (
				A98DA1B925DC0AE30081D4BB /* Debug */,
				A98DA1BA25DC0AE30081D4BB /* Release */,
			);
			defaultConfigurationIsVisible = 0;
			defaultConfigurationName = Release;
		};
		A98DA1BB25DC0AE30081D4BB /* Build configuration list for PBXNativeTarget "CurrencyConverterUITests" */ = {
			isa = XCConfigurationList;
			buildConfigurations = (
				A98DA1BC25DC0AE30081D4BB /* Debug */,
				A98DA1BD25DC0AE30081D4BB /* Release */,
			);
			defaultConfigurationIsVisible = 0;
			defaultConfigurationName = Release;
		};
/* End XCConfigurationList section */
	};
	rootObject = A98DA18325DC0AE20081D4BB /* Project object */;
}
